
Microsoft Visual Studio Solution File, Format Version 12.00
# Visual Studio Version 17
VisualStudioVersion = 17.14.36930.0 d17.14
MinimumVisualStudioVersion = 10.0.40219.1
Project("{FAE04EC0-301F-11D3-BF4B-00C04F79EFBC}") = "DeltaX.SettingManager", "DeltaX.SettingManager\DeltaX.SettingManager.csproj", "{EE924D22-44D6-46F5-BC09-D7F90FD0A954}"
EndProject
Global
	GlobalSection(SolutionConfigurationPlatforms) = preSolution
		Debug|Any CPU = Debug|Any CPU
		Release|Any CPU = Release|Any CPU
	EndGlobalSection
	GlobalSection(ProjectConfigurationPlatforms) = postSolution
		{EE924D22-44D6-46F5-BC09-D7F90FD0A954}.Debug|Any CPU.ActiveCfg = Debug|Any CPU
		{EE924D22-44D6-46F5-BC09-D7F90FD0A954}.Debug|Any CPU.Build.0 = Debug|Any CPU
		{EE924D22-44D6-46F5-BC09-D7F90FD0A954}.Release|Any CPU.ActiveCfg = Release|Any CPU
		{EE924D22-44D6-46F5-BC09-D7F90FD0A954}.Release|Any CPU.Build.0 = Release|Any CPU
	EndGlobalSection
	GlobalSection(SolutionProperties) = preSolution
		HideSolutionNode = FALSE
	EndGlobalSection
	GlobalSection(ExtensibilityGlobals) = postSolution
		SolutionGuid = {2A313B03-A9FC-4ABF-9014-602B9B5D8E7C}
	EndGlobalSection
EndGlobal
